// !$*UTF8*$!
{
	archiveVersion = 1;
	classes = {
	};
	objectVersion = 51;
	objects = {

/* Begin PBXBuildFile section */
		207EAF3DFC4B1A0C51D43AA5 /* Pods_AXSwiftKitExampleTests.framework in Frameworks */ = {isa = PBXBuildFile; fileRef = 61DC873786D590D3F4D76E56 /* Pods_AXSwiftKitExampleTests.framework */; };
		210E938D2521881A00B0F83D /* AppDelegate.swift in Sources */ = {isa = PBXBuildFile; fileRef = 210E938C2521881A00B0F83D /* AppDelegate.swift */; };
		210E938F2521881A00B0F83D /* SceneDelegate.swift in Sources */ = {isa = PBXBuildFile; fileRef = 210E938E2521881A00B0F83D /* SceneDelegate.swift */; };
		210E93912521881A00B0F83D /* ViewController.swift in Sources */ = {isa = PBXBuildFile; fileRef = 210E93902521881A00B0F83D /* ViewController.swift */; };
		210E93942521881A00B0F83D /* Main.storyboard in Resources */ = {isa = PBXBuildFile; fileRef = 210E93922521881A00B0F83D /* Main.storyboard */; };
		210E93962521881D00B0F83D /* Assets.xcassets in Resources */ = {isa = PBXBuildFile; fileRef = 210E93952521881D00B0F83D /* Assets.xcassets */; };
		210E93992521881D00B0F83D /* LaunchScreen.storyboard in Resources */ = {isa = PBXBuildFile; fileRef = 210E93972521881D00B0F83D /* LaunchScreen.storyboard */; };
		33F1D81300517A3E9E17013C /* Pods_AXSwiftKitExample_AXSwiftKitExampleUITests.framework in Frameworks */ = {isa = PBXBuildFile; fileRef = 03400E23B68A9F6679228C94 /* Pods_AXSwiftKitExample_AXSwiftKitExampleUITests.framework */; };
		9B8C9A1AADD52424DD7DEBE8 /* Pods_AXSwiftKitExample.framework in Frameworks */ = {isa = PBXBuildFile; fileRef = 17D00FDD9B3A3956D0D0870D /* Pods_AXSwiftKitExample.framework */; };
/* End PBXBuildFile section */

/* Begin PBXContainerItemProxy section */
		210E93A02521881D00B0F83D /* PBXContainerItemProxy */ = {
			isa = PBXContainerItemProxy;
			containerPortal = 210E93812521881A00B0F83D /* Project object */;
			proxyType = 1;
			remoteGlobalIDString = 210E93882521881A00B0F83D;
			remoteInfo = AXSwiftKitExample;
		};
		210E93AB2521881D00B0F83D /* PBXContainerItemProxy */ = {
			isa = PBXContainerItemProxy;
			containerPortal = 210E93812521881A00B0F83D /* Project object */;
			proxyType = 1;
			remoteGlobalIDString = 210E93882521881A00B0F83D;
			remoteInfo = AXSwiftKitExample;
		};
/* End PBXContainerItemProxy section */

/* Begin PBXFileReference section */
		03400E23B68A9F6679228C94 /* Pods_AXSwiftKitExample_AXSwiftKitExampleUITests.framework */ = {isa = PBXFileReference; explicitFileType = wrapper.framework; includeInIndex = 0; path = Pods_AXSwiftKitExample_AXSwiftKitExampleUITests.framework; sourceTree = BUILT_PRODUCTS_DIR; };
		051DB5BD1FB0C9E139DD1F90 /* Pods-AXSwiftKitExample-AXSwiftKitExampleUITests.debug.xcconfig */ = {isa = PBXFileReference; includeInIndex = 1; lastKnownFileType = text.xcconfig; name = "Pods-AXSwiftKitExample-AXSwiftKitExampleUITests.debug.xcconfig"; path = "Target Support Files/Pods-AXSwiftKitExample-AXSwiftKitExampleUITests/Pods-AXSwiftKitExample-AXSwiftKitExampleUITests.debug.xcconfig"; sourceTree = "<group>"; };
		17D00FDD9B3A3956D0D0870D /* Pods_AXSwiftKitExample.framework */ = {isa = PBXFileReference; explicitFileType = wrapper.framework; includeInIndex = 0; path = Pods_AXSwiftKitExample.framework; sourceTree = BUILT_PRODUCTS_DIR; };
		210E93892521881A00B0F83D /* AXSwiftKitExample.app */ = {isa = PBXFileReference; explicitFileType = wrapper.application; includeInIndex = 0; path = AXSwiftKitExample.app; sourceTree = BUILT_PRODUCTS_DIR; };
		210E938C2521881A00B0F83D /* AppDelegate.swift */ = {isa = PBXFileReference; lastKnownFileType = sourcecode.swift; path = AppDelegate.swift; sourceTree = "<group>"; };
		210E938E2521881A00B0F83D /* SceneDelegate.swift */ = {isa = PBXFileReference; lastKnownFileType = sourcecode.swift; path = SceneDelegate.swift; sourceTree = "<group>"; };
		210E93902521881A00B0F83D /* ViewController.swift */ = {isa = PBXFileReference; lastKnownFileType = sourcecode.swift; path = ViewController.swift; sourceTree = "<group>"; };
		210E93932521881A00B0F83D /* Base */ = {isa = PBXFileReference; lastKnownFileType = file.storyboard; name = Base; path = Base.lproj/Main.storyboard; sourceTree = "<group>"; };
		210E93952521881D00B0F83D /* Assets.xcassets */ = {isa = PBXFileReference; lastKnownFileType = folder.assetcatalog; path = Assets.xcassets; sourceTree = "<group>"; };
		210E93982521881D00B0F83D /* Base */ = {isa = PBXFileReference; lastKnownFileType = file.storyboard; name = Base; path = Base.lproj/LaunchScreen.storyboard; sourceTree = "<group>"; };
		210E939A2521881D00B0F83D /* Info.plist */ = {isa = PBXFileReference; lastKnownFileType = text.plist.xml; path = Info.plist; sourceTree = "<group>"; };
		210E939F2521881D00B0F83D /* AXSwiftKitExampleTests.xctest */ = {isa = PBXFileReference; explicitFileType = wrapper.cfbundle; includeInIndex = 0; path = AXSwiftKitExampleTests.xctest; sourceTree = BUILT_PRODUCTS_DIR; };
		210E93AA2521881D00B0F83D /* AXSwiftKitExampleUITests.xctest */ = {isa = PBXFileReference; explicitFileType = wrapper.cfbundle; includeInIndex = 0; path = AXSwiftKitExampleUITests.xctest; sourceTree = BUILT_PRODUCTS_DIR; };
		36A1BE39D985B4449628CB66 /* Pods-AXSwiftKitExample.debug.xcconfig */ = {isa = PBXFileReference; includeInIndex = 1; lastKnownFileType = text.xcconfig; name = "Pods-AXSwiftKitExample.debug.xcconfig"; path = "Target Support Files/Pods-AXSwiftKitExample/Pods-AXSwiftKitExample.debug.xcconfig"; sourceTree = "<group>"; };
		4797BE9A62ADD859A574D935 /* Pods-AXSwiftKitExample.release.xcconfig */ = {isa = PBXFileReference; includeInIndex = 1; lastKnownFileType = text.xcconfig; name = "Pods-AXSwiftKitExample.release.xcconfig"; path = "Target Support Files/Pods-AXSwiftKitExample/Pods-AXSwiftKitExample.release.xcconfig"; sourceTree = "<group>"; };
		61DC873786D590D3F4D76E56 /* Pods_AXSwiftKitExampleTests.framework */ = {isa = PBXFileReference; explicitFileType = wrapper.framework; includeInIndex = 0; path = Pods_AXSwiftKitExampleTests.framework; sourceTree = BUILT_PRODUCTS_DIR; };
		63F4153D86CF0EC6CC555C5F /* Pods-AXSwiftKitExampleTests.release.xcconfig */ = {isa = PBXFileReference; includeInIndex = 1; lastKnownFileType = text.xcconfig; name = "Pods-AXSwiftKitExampleTests.release.xcconfig"; path = "Target Support Files/Pods-AXSwiftKitExampleTests/Pods-AXSwiftKitExampleTests.release.xcconfig"; sourceTree = "<group>"; };
		B1444C845AC46CA8E6406FAB /* Pods-AXSwiftKitExampleTests.debug.xcconfig */ = {isa = PBXFileReference; includeInIndex = 1; lastKnownFileType = text.xcconfig; name = "Pods-AXSwiftKitExampleTests.debug.xcconfig"; path = "Target Support Files/Pods-AXSwiftKitExampleTests/Pods-AXSwiftKitExampleTests.debug.xcconfig"; sourceTree = "<group>"; };
		CD1899B93D3D8A853AFBA4FE /* Pods-AXSwiftKitExample-AXSwiftKitExampleUITests.release.xcconfig */ = {isa = PBXFileReference; includeInIndex = 1; lastKnownFileType = text.xcconfig; name = "Pods-AXSwiftKitExample-AXSwiftKitExampleUITests.release.xcconfig"; path = "Target Support Files/Pods-AXSwiftKitExample-AXSwiftKitExampleUITests/Pods-AXSwiftKitExample-AXSwiftKitExampleUITests.release.xcconfig"; sourceTree = "<group>"; };
/* End PBXFileReference section */

/* Begin PBXFrameworksBuildPhase section */
		210E93862521881A00B0F83D /* Frameworks */ = {
			isa = PBXFrameworksBuildPhase;
			buildActionMask = 2147483647;
			files = (
				9B8C9A1AADD52424DD7DEBE8 /* Pods_AXSwiftKitExample.framework in Frameworks */,
			);
			runOnlyForDeploymentPostprocessing = 0;
		};
		210E939C2521881D00B0F83D /* Frameworks */ = {
			isa = PBXFrameworksBuildPhase;
			buildActionMask = 2147483647;
			files = (
				207EAF3DFC4B1A0C51D43AA5 /* Pods_AXSwiftKitExampleTests.framework in Frameworks */,
			);
			runOnlyForDeploymentPostprocessing = 0;
		};
		210E93A72521881D00B0F83D /* Frameworks */ = {
			isa = PBXFrameworksBuildPhase;
			buildActionMask = 2147483647;
			files = (
				33F1D81300517A3E9E17013C /* Pods_AXSwiftKitExample_AXSwiftKitExampleUITests.framework in Frameworks */,
			);
			runOnlyForDeploymentPostprocessing = 0;
		};
/* End PBXFrameworksBuildPhase section */

/* Begin PBXGroup section */
		210E93802521881A00B0F83D = {
			isa = PBXGroup;
			children = (
				210E938B2521881A00B0F83D /* AXSwiftKitExample */,
				A597C2D978059659D2101853 /* Frameworks */,
				64724EBD0999B8205BEA8FB4 /* Pods */,
				210E938A2521881A00B0F83D /* Products */,
			);
			sourceTree = "<group>";
		};
		210E938A2521881A00B0F83D /* Products */ = {
			isa = PBXGroup;
			children = (
				210E93892521881A00B0F83D /* AXSwiftKitExample.app */,
				210E939F2521881D00B0F83D /* AXSwiftKitExampleTests.xctest */,
				210E93AA2521881D00B0F83D /* AXSwiftKitExampleUITests.xctest */,
			);
			name = Products;
			sourceTree = "<group>";
		};
		210E938B2521881A00B0F83D /* AXSwiftKitExample */ = {
			isa = PBXGroup;
			children = (
				210E938C2521881A00B0F83D /* AppDelegate.swift */,
				210E938E2521881A00B0F83D /* SceneDelegate.swift */,
				210E93902521881A00B0F83D /* ViewController.swift */,
				210E93922521881A00B0F83D /* Main.storyboard */,
				210E93952521881D00B0F83D /* Assets.xcassets */,
				210E93972521881D00B0F83D /* LaunchScreen.storyboard */,
				210E939A2521881D00B0F83D /* Info.plist */,
			);
			path = AXSwiftKitExample;
			sourceTree = "<group>";
		};
		64724EBD0999B8205BEA8FB4 /* Pods */ = {
			isa = PBXGroup;
			children = (
				36A1BE39D985B4449628CB66 /* Pods-AXSwiftKitExample.debug.xcconfig */,
				4797BE9A62ADD859A574D935 /* Pods-AXSwiftKitExample.release.xcconfig */,
				051DB5BD1FB0C9E139DD1F90 /* Pods-AXSwiftKitExample-AXSwiftKitExampleUITests.debug.xcconfig */,
				CD1899B93D3D8A853AFBA4FE /* Pods-AXSwiftKitExample-AXSwiftKitExampleUITests.release.xcconfig */,
				B1444C845AC46CA8E6406FAB /* Pods-AXSwiftKitExampleTests.debug.xcconfig */,
				63F4153D86CF0EC6CC555C5F /* Pods-AXSwiftKitExampleTests.release.xcconfig */,
			);
			path = Pods;
			sourceTree = "<group>";
		};
		A597C2D978059659D2101853 /* Frameworks */ = {
			isa = PBXGroup;
			children = (
				17D00FDD9B3A3956D0D0870D /* Pods_AXSwiftKitExample.framework */,
				03400E23B68A9F6679228C94 /* Pods_AXSwiftKitExample_AXSwiftKitExampleUITests.framework */,
				61DC873786D590D3F4D76E56 /* Pods_AXSwiftKitExampleTests.framework */,
			);
			name = Frameworks;
			sourceTree = "<group>";
		};
/* End PBXGroup section */

/* Begin PBXNativeTarget section */
		210E93882521881A00B0F83D /* AXSwiftKitExample */ = {
			isa = PBXNativeTarget;
			buildConfigurationList = 210E93B32521881D00B0F83D /* Build configuration list for PBXNativeTarget "AXSwiftKitExample" */;
			buildPhases = (
				D49E526AE77FF350691AC4C3 /* [CP] Check Pods Manifest.lock */,
				210E93852521881A00B0F83D /* Sources */,
				210E93862521881A00B0F83D /* Frameworks */,
				210E93872521881A00B0F83D /* Resources */,
				370E8690F9D1866C55C683AE /* [CP] Embed Pods Frameworks */,
			);
			buildRules = (
			);
			dependencies = (
			);
			name = AXSwiftKitExample;
			productName = AXSwiftKitExample;
			productReference = 210E93892521881A00B0F83D /* AXSwiftKitExample.app */;
			productType = "com.apple.product-type.application";
		};
		210E939E2521881D00B0F83D /* AXSwiftKitExampleTests */ = {
			isa = PBXNativeTarget;
			buildConfigurationList = 210E93B62521881D00B0F83D /* Build configuration list for PBXNativeTarget "AXSwiftKitExampleTests" */;
			buildPhases = (
				5B80C44C448E91451937ACDE /* [CP] Check Pods Manifest.lock */,
				210E939B2521881D00B0F83D /* Sources */,
				210E939C2521881D00B0F83D /* Frameworks */,
				210E939D2521881D00B0F83D /* Resources */,
			);
			buildRules = (
			);
			dependencies = (
				210E93A12521881D00B0F83D /* PBXTargetDependency */,
			);
			name = AXSwiftKitExampleTests;
			productName = AXSwiftKitExampleTests;
			productReference = 210E939F2521881D00B0F83D /* AXSwiftKitExampleTests.xctest */;
			productType = "com.apple.product-type.bundle.unit-test";
		};
		210E93A92521881D00B0F83D /* AXSwiftKitExampleUITests */ = {
			isa = PBXNativeTarget;
			buildConfigurationList = 210E93B92521881D00B0F83D /* Build configuration list for PBXNativeTarget "AXSwiftKitExampleUITests" */;
			buildPhases = (
				B9ADDD985D75D0DDE9786458 /* [CP] Check Pods Manifest.lock */,
				210E93A62521881D00B0F83D /* Sources */,
				210E93A72521881D00B0F83D /* Frameworks */,
				210E93A82521881D00B0F83D /* Resources */,
				00B10025B7E64193B1608DBF /* [CP] Embed Pods Frameworks */,
			);
			buildRules = (
			);
			dependencies = (
				210E93AC2521881D00B0F83D /* PBXTargetDependency */,
			);
			name = AXSwiftKitExampleUITests;
			productName = AXSwiftKitExampleUITests;
			productReference = 210E93AA2521881D00B0F83D /* AXSwiftKitExampleUITests.xctest */;
			productType = "com.apple.product-type.bundle.ui-testing";
		};
/* End PBXNativeTarget section */

/* Begin PBXProject section */
		210E93812521881A00B0F83D /* Project object */ = {
			isa = PBXProject;
			attributes = {
				LastSwiftUpdateCheck = 1200;
				LastUpgradeCheck = 1200;
				TargetAttributes = {
					210E93882521881A00B0F83D = {
						CreatedOnToolsVersion = 12.0.1;
					};
					210E939E2521881D00B0F83D = {
						CreatedOnToolsVersion = 12.0.1;
						TestTargetID = 210E93882521881A00B0F83D;
					};
					210E93A92521881D00B0F83D = {
						CreatedOnToolsVersion = 12.0.1;
						TestTargetID = 210E93882521881A00B0F83D;
					};
				};
			};
			buildConfigurationList = 210E93842521881A00B0F83D /* Build configuration list for PBXProject "AXSwiftKitExample" */;
			compatibilityVersion = "Xcode 9.3";
			developmentRegion = en;
			hasScannedForEncodings = 0;
			knownRegions = (
				en,
				Base,
			);
			mainGroup = 210E93802521881A00B0F83D;
			productRefGroup = 210E938A2521881A00B0F83D /* Products */;
			projectDirPath = "";
			projectRoot = "";
			targets = (
				210E93882521881A00B0F83D /* AXSwiftKitExample */,
				210E939E2521881D00B0F83D /* AXSwiftKitExampleTests */,
				210E93A92521881D00B0F83D /* AXSwiftKitExampleUITests */,
			);
		};
/* End PBXProject section */

/* Begin PBXResourcesBuildPhase section */
		210E93872521881A00B0F83D /* Resources */ = {
			isa = PBXResourcesBuildPhase;
			buildActionMask = 2147483647;
			files = (
				210E93992521881D00B0F83D /* LaunchScreen.storyboard in Resources */,
				210E93962521881D00B0F83D /* Assets.xcassets in Resources */,
				210E93942521881A00B0F83D /* Main.storyboard in Resources */,
			);
			runOnlyForDeploymentPostprocessing = 0;
		};
		210E939D2521881D00B0F83D /* Resources */ = {
			isa = PBXResourcesBuildPhase;
			buildActionMask = 2147483647;
			files = (
			);
			runOnlyForDeploymentPostprocessing = 0;
		};
		210E93A82521881D00B0F83D /* Resources */ = {
			isa = PBXResourcesBuildPhase;
			buildActionMask = 2147483647;
			files = (
			);
			runOnlyForDeploymentPostprocessing = 0;
		};
/* End PBXResourcesBuildPhase section */

/* Begin PBXShellScriptBuildPhase section */
		00B10025B7E64193B1608DBF /* [CP] Embed Pods Frameworks */ = {
			isa = PBXShellScriptBuildPhase;
			buildActionMask = 2147483647;
			files = (
			);
			inputFileListPaths = (
				"${PODS_ROOT}/Target Support Files/Pods-AXSwiftKitExample-AXSwiftKitExampleUITests/Pods-AXSwiftKitExample-AXSwiftKitExampleUITests-frameworks-${CONFIGURATION}-input-files.xcfilelist",
			);
			name = "[CP] Embed Pods Frameworks";
			outputFileListPaths = (
				"${PODS_ROOT}/Target Support Files/Pods-AXSwiftKitExample-AXSwiftKitExampleUITests/Pods-AXSwiftKitExample-AXSwiftKitExampleUITests-frameworks-${CONFIGURATION}-output-files.xcfilelist",
			);
			runOnlyForDeploymentPostprocessing = 0;
			shellPath = /bin/sh;
			shellScript = "\"${PODS_ROOT}/Target Support Files/Pods-AXSwiftKitExample-AXSwiftKitExampleUITests/Pods-AXSwiftKitExample-AXSwiftKitExampleUITests-frameworks.sh\"\n";
			showEnvVarsInLog = 0;
		};
		370E8690F9D1866C55C683AE /* [CP] Embed Pods Frameworks */ = {
			isa = PBXShellScriptBuildPhase;
			buildActionMask = 2147483647;
			files = (
			);
			inputFileListPaths = (
				"${PODS_ROOT}/Target Support Files/Pods-AXSwiftKitExample/Pods-AXSwiftKitExample-frameworks-${CONFIGURATION}-input-files.xcfilelist",
			);
			name = "[CP] Embed Pods Frameworks";
			outputFileListPaths = (
				"${PODS_ROOT}/Target Support Files/Pods-AXSwiftKitExample/Pods-AXSwiftKitExample-frameworks-${CONFIGURATION}-output-files.xcfilelist",
			);
			runOnlyForDeploymentPostprocessing = 0;
			shellPath = /bin/sh;
			shellScript = "\"${PODS_ROOT}/Target Support Files/Pods-AXSwiftKitExample/Pods-AXSwiftKitExample-frameworks.sh\"\n";
			showEnvVarsInLog = 0;
		};
		5B80C44C448E91451937ACDE /* [CP] Check Pods Manifest.lock */ = {
			isa = PBXShellScriptBuildPhase;
			buildActionMask = 2147483647;
			files = (
			);
			inputFileListPaths = (
			);
			inputPaths = (
				"${PODS_PODFILE_DIR_PATH}/Podfile.lock",
				"${PODS_ROOT}/Manifest.lock",
			);
			name = "[CP] Check Pods Manifest.lock";
			outputFileListPaths = (
			);
			outputPaths = (
				"$(DERIVED_FILE_DIR)/Pods-AXSwiftKitExampleTests-checkManifestLockResult.txt",
			);
			runOnlyForDeploymentPostprocessing = 0;
			shellPath = /bin/sh;
			shellScript = "diff \"${PODS_PODFILE_DIR_PATH}/Podfile.lock\" \"${PODS_ROOT}/Manifest.lock\" > /dev/null\nif [ $? != 0 ] ; then\n    # print error to STDERR\n    echo \"error: The sandbox is not in sync with the Podfile.lock. Run 'pod install' or update your CocoaPods installation.\" >&2\n    exit 1\nfi\n# This output is used by Xcode 'outputs' to avoid re-running this script phase.\necho \"SUCCESS\" > \"${SCRIPT_OUTPUT_FILE_0}\"\n";
			showEnvVarsInLog = 0;
		};
		B9ADDD985D75D0DDE9786458 /* [CP] Check Pods Manifest.lock */ = {
			isa = PBXShellScriptBuildPhase;
			buildActionMask = 2147483647;
			files = (
			);
			inputFileListPaths = (
			);
			inputPaths = (
				"${PODS_PODFILE_DIR_PATH}/Podfile.lock",
				"${PODS_ROOT}/Manifest.lock",
			);
			name = "[CP] Check Pods Manifest.lock";
			outputFileListPaths = (
			);
			outputPaths = (
				"$(DERIVED_FILE_DIR)/Pods-AXSwiftKitExample-AXSwiftKitExampleUITests-checkManifestLockResult.txt",
			);
			runOnlyForDeploymentPostprocessing = 0;
			shellPath = /bin/sh;
			shellScript = "diff \"${PODS_PODFILE_DIR_PATH}/Podfile.lock\" \"${PODS_ROOT}/Manifest.lock\" > /dev/null\nif [ $? != 0 ] ; then\n    # print error to STDERR\n    echo \"error: The sandbox is not in sync with the Podfile.lock. Run 'pod install' or update your CocoaPods installation.\" >&2\n    exit 1\nfi\n# This output is used by Xcode 'outputs' to avoid re-running this script phase.\necho \"SUCCESS\" > \"${SCRIPT_OUTPUT_FILE_0}\"\n";
			showEnvVarsInLog = 0;
		};
		D49E526AE77FF350691AC4C3 /* [CP] Check Pods Manifest.lock */ = {
			isa = PBXShellScriptBuildPhase;
			buildActionMask = 2147483647;
			files = (
			);
			inputFileListPaths = (
			);
			inputPaths = (
				"${PODS_PODFILE_DIR_PATH}/Podfile.lock",
				"${PODS_ROOT}/Manifest.lock",
			);
			name = "[CP] Check Pods Manifest.lock";
			outputFileListPaths = (
			);
			outputPaths = (
				"$(DERIVED_FILE_DIR)/Pods-AXSwiftKitExample-checkManifestLockResult.txt",
			);
			runOnlyForDeploymentPostprocessing = 0;
			shellPath = /bin/sh;
			shellScript = "diff \"${PODS_PODFILE_DIR_PATH}/Podfile.lock\" \"${PODS_ROOT}/Manifest.lock\" > /dev/null\nif [ $? != 0 ] ; then\n    # print error to STDERR\n    echo \"error: The sandbox is not in sync with the Podfile.lock. Run 'pod install' or update your CocoaPods installation.\" >&2\n    exit 1\nfi\n# This output is used by Xcode 'outputs' to avoid re-running this script phase.\necho \"SUCCESS\" > \"${SCRIPT_OUTPUT_FILE_0}\"\n";
			showEnvVarsInLog = 0;
		};
/* End PBXShellScriptBuildPhase section */

/* Begin PBXSourcesBuildPhase section */
		210E93852521881A00B0F83D /* Sources */ = {
			isa = PBXSourcesBuildPhase;
			buildActionMask = 2147483647;
			files = (
				210E93912521881A00B0F83D /* ViewController.swift in Sources */,
				210E938D2521881A00B0F83D /* AppDelegate.swift in Sources */,
				210E938F2521881A00B0F83D /* SceneDelegate.swift in Sources */,
			);
			runOnlyForDeploymentPostprocessing = 0;
		};
		210E939B2521881D00B0F83D /* Sources */ = {
			isa = PBXSourcesBuildPhase;
			buildActionMask = 2147483647;
			files = (
			);
			runOnlyForDeploymentPostprocessing = 0;
		};
		210E93A62521881D00B0F83D /* Sources */ = {
			isa = PBXSourcesBuildPhase;
			buildActionMask = 2147483647;
			files = (
			);
			runOnlyForDeploymentPostprocessing = 0;
		};
/* End PBXSourcesBuildPhase section */

/* Begin PBXTargetDependency section */
		210E93A12521881D00B0F83D /* PBXTargetDependency */ = {
			isa = PBXTargetDependency;
			target = 210E93882521881A00B0F83D /* AXSwiftKitExample */;
			targetProxy = 210E93A02521881D00B0F83D /* PBXContainerItemProxy */;
		};
		210E93AC2521881D00B0F83D /* PBXTargetDependency */ = {
			isa = PBXTargetDependency;
			target = 210E93882521881A00B0F83D /* AXSwiftKitExample */;
			targetProxy = 210E93AB2521881D00B0F83D /* PBXContainerItemProxy */;
		};
/* End PBXTargetDependency section */

/* Begin PBXVariantGroup section */
		210E93922521881A00B0F83D /* Main.storyboard */ = {
			isa = PBXVariantGroup;
			children = (
				210E93932521881A00B0F83D /* Base */,
			);
			name = Main.storyboard;
			sourceTree = "<group>";
		};
		210E93972521881D00B0F83D /* LaunchScreen.storyboard */ = {
			isa = PBXVariantGroup;
			children = (
				210E93982521881D00B0F83D /* Base */,
			);
			name = LaunchScreen.storyboard;
			sourceTree = "<group>";
		};
/* End PBXVariantGroup section */

/* Begin XCBuildConfiguration section */
		210E93B12521881D00B0F83D /* Debug */ = {
			isa = XCBuildConfiguration;
			buildSettings = {
				ALWAYS_SEARCH_USER_PATHS = NO;
				CLANG_ANALYZER_NONNULL = YES;
				CLANG_ANALYZER_NUMBER_OBJECT_CONVERSION = YES_AGGRESSIVE;
				CLANG_CXX_LANGUAGE_STANDARD = "gnu++14";
				CLANG_CXX_LIBRARY = "libc++";
				CLANG_ENABLE_MODULES = YES;
				CLANG_ENABLE_OBJC_ARC = YES;
				CLANG_ENABLE_OBJC_WEAK = YES;
				CLANG_WARN_BLOCK_CAPTURE_AUTORELEASING = YES;
				CLANG_WARN_BOOL_CONVERSION = YES;
				CLANG_WARN_COMMA = YES;
				CLANG_WARN_CONSTANT_CONVERSION = YES;
				CLANG_WARN_DEPRECATED_OBJC_IMPLEMENTATIONS = YES;
				CLANG_WARN_DIRECT_OBJC_ISA_USAGE = YES_ERROR;
				CLANG_WARN_DOCUMENTATION_COMMENTS = YES;
				CLANG_WARN_EMPTY_BODY = YES;
				CLANG_WARN_ENUM_CONVERSION = YES;
				CLANG_WARN_INFINITE_RECURSION = YES;
				CLANG_WARN_INT_CONVERSION = YES;
				CLANG_WARN_NON_LITERAL_NULL_CONVERSION = YES;
				CLANG_WARN_OBJC_IMPLICIT_RETAIN_SELF = YES;
				CLANG_WARN_OBJC_LITERAL_CONVERSION = YES;
				CLANG_WARN_OBJC_ROOT_CLASS = YES_ERROR;
				CLANG_WARN_QUOTED_INCLUDE_IN_FRAMEWORK_HEADER = YES;
				CLANG_WARN_RANGE_LOOP_ANALYSIS = YES;
				CLANG_WARN_STRICT_PROTOTYPES = YES;
				CLANG_WARN_SUSPICIOUS_MOVE = YES;
				CLANG_WARN_UNGUARDED_AVAILABILITY = YES_AGGRESSIVE;
				CLANG_WARN_UNREACHABLE_CODE = YES;
				CLANG_WARN__DUPLICATE_METHOD_MATCH = YES;
				COPY_PHASE_STRIP = NO;
				DEBUG_INFORMATION_FORMAT = dwarf;
				ENABLE_STRICT_OBJC_MSGSEND = YES;
				ENABLE_TESTABILITY = YES;
				GCC_C_LANGUAGE_STANDARD = gnu11;
				GCC_DYNAMIC_NO_PIC = NO;
				GCC_NO_COMMON_BLOCKS = YES;
				GCC_OPTIMIZATION_LEVEL = 0;
				GCC_PREPROCESSOR_DEFINITIONS = (
					"DEBUG=1",
					"$(inherited)",
				);
				GCC_WARN_64_TO_32_BIT_CONVERSION = YES;
				GCC_WARN_ABOUT_RETURN_TYPE = YES_ERROR;
				GCC_WARN_UNDECLARED_SELECTOR = YES;
				GCC_WARN_UNINITIALIZED_AUTOS = YES_AGGRESSIVE;
				GCC_WARN_UNUSED_FUNCTION = YES;
				GCC_WARN_UNUSED_VARIABLE = YES;
				IPHONEOS_DEPLOYMENT_TARGET = 9.0;
				MTL_ENABLE_DEBUG_INFO = INCLUDE_SOURCE;
				MTL_FAST_MATH = YES;
				ONLY_ACTIVE_ARCH = YES;
				SDKROOT = iphoneos;
				SWIFT_ACTIVE_COMPILATION_CONDITIONS = DEBUG;
				SWIFT_OPTIMIZATION_LEVEL = "-Onone";
			};
			name = Debug;
		};
		210E93B22521881D00B0F83D /* Release */ = {
			isa = XCBuildConfiguration;
			buildSettings = {
				ALWAYS_SEARCH_USER_PATHS = NO;
				CLANG_ANALYZER_NONNULL = YES;
				CLANG_ANALYZER_NUMBER_OBJECT_CONVERSION = YES_AGGRESSIVE;
				CLANG_CXX_LANGUAGE_STANDARD = "gnu++14";
				CLANG_CXX_LIBRARY = "libc++";
				CLANG_ENABLE_MODULES = YES;
				CLANG_ENABLE_OBJC_ARC = YES;
				CLANG_ENABLE_OBJC_WEAK = YES;
				CLANG_WARN_BLOCK_CAPTURE_AUTORELEASING = YES;
				CLANG_WARN_BOOL_CONVERSION = YES;
				CLANG_WARN_COMMA = YES;
				CLANG_WARN_CONSTANT_CONVERSION = YES;
				CLANG_WARN_DEPRECATED_OBJC_IMPLEMENTATIONS = YES;
				CLANG_WARN_DIRECT_OBJC_ISA_USAGE = YES_ERROR;
				CLANG_WARN_DOCUMENTATION_COMMENTS = YES;
				CLANG_WARN_EMPTY_BODY = YES;
				CLANG_WARN_ENUM_CONVERSION = YES;
				CLANG_WARN_INFINITE_RECURSION = YES;
				CLANG_WARN_INT_CONVERSION = YES;
				CLANG_WARN_NON_LITERAL_NULL_CONVERSION = YES;
				CLANG_WARN_OBJC_IMPLICIT_RETAIN_SELF = YES;
				CLANG_WARN_OBJC_LITERAL_CONVERSION = YES;
				CLANG_WARN_OBJC_ROOT_CLASS = YES_ERROR;
				CLANG_WARN_QUOTED_INCLUDE_IN_FRAMEWORK_HEADER = YES;
				CLANG_WARN_RANGE_LOOP_ANALYSIS = YES;
				CLANG_WARN_STRICT_PROTOTYPES = YES;
				CLANG_WARN_SUSPICIOUS_MOVE = YES;
				CLANG_WARN_UNGUARDED_AVAILABILITY = YES_AGGRESSIVE;
				CLANG_WARN_UNREACHABLE_CODE = YES;
				CLANG_WARN__DUPLICATE_METHOD_MATCH = YES;
				COPY_PHASE_STRIP = NO;
				DEBUG_INFORMATION_FORMAT = "dwarf-with-dsym";
				ENABLE_NS_ASSERTIONS = NO;
				ENABLE_STRICT_OBJC_MSGSEND = YES;
				GCC_C_LANGUAGE_STANDARD = gnu11;
				GCC_NO_COMMON_BLOCKS = YES;
				GCC_WARN_64_TO_32_BIT_CONVERSION = YES;
				GCC_WARN_ABOUT_RETURN_TYPE = YES_ERROR;
				GCC_WARN_UNDECLARED_SELECTOR = YES;
				GCC_WARN_UNINITIALIZED_AUTOS = YES_AGGRESSIVE;
				GCC_WARN_UNUSED_FUNCTION = YES;
				GCC_WARN_UNUSED_VARIABLE = YES;
				IPHONEOS_DEPLOYMENT_TARGET = 9.0;
				MTL_ENABLE_DEBUG_INFO = NO;
				MTL_FAST_MATH = YES;
				SDKROOT = iphoneos;
				SWIFT_COMPILATION_MODE = wholemodule;
				SWIFT_OPTIMIZATION_LEVEL = "-O";
				VALIDATE_PRODUCT = YES;
			};
			name = Release;
		};
		210E93B42521881D00B0F83D /* Debug */ = {
			isa = XCBuildConfiguration;
			baseConfigurationReference = 36A1BE39D985B4449628CB66 /* Pods-AXSwiftKitExample.debug.xcconfig */;
			buildSettings = {
				ASSETCATALOG_COMPILER_APPICON_NAME = AppIcon;
				ASSETCATALOG_COMPILER_GLOBAL_ACCENT_COLOR_NAME = AccentColor;
				CODE_SIGN_STYLE = Automatic;
				DEVELOPMENT_TEAM = 2BZJZ65HL3;
				INFOPLIST_FILE = AXSwiftKitExample/Info.plist;
				LD_RUNPATH_SEARCH_PATHS = (
					"$(inherited)",
					"@executable_path/Frameworks",
				);
				PRODUCT_BUNDLE_IDENTIFIER = com.ax.swift;
				PRODUCT_NAME = "$(TARGET_NAME)";
				SWIFT_VERSION = 5.0;
				TARGETED_DEVICE_FAMILY = "1,2";
			};
			name = Debug;
		};
		210E93B52521881D00B0F83D /* Release */ = {
			isa = XCBuildConfiguration;
			baseConfigurationReference = 4797BE9A62ADD859A574D935 /* Pods-AXSwiftKitExample.release.xcconfig */;
			buildSettings = {
				ASSETCATALOG_COMPILER_APPICON_NAME = AppIcon;
				ASSETCATALOG_COMPILER_GLOBAL_ACCENT_COLOR_NAME = AccentColor;
				CODE_SIGN_STYLE = Automatic;
				DEVELOPMENT_TEAM = 2BZJZ65HL3;
				INFOPLIST_FILE = AXSwiftKitExample/Info.plist;
				LD_RUNPATH_SEARCH_PATHS = (
					"$(inherited)",
					"@executable_path/Frameworks",
				);
				PRODUCT_BUNDLE_IDENTIFIER = com.ax.swift;
				PRODUCT_NAME = "$(TARGET_NAME)";
				SWIFT_VERSION = 5.0;
				TARGETED_DEVICE_FAMILY = "1,2";
			};
			name = Release;
		};
		210E93B72521881D00B0F83D /* Debug */ = {
			isa = XCBuildConfiguration;
			baseConfigurationReference = B1444C845AC46CA8E6406FAB /* Pods-AXSwiftKitExampleTests.debug.xcconfig */;
			buildSettings = {
				ALWAYS_EMBED_SWIFT_STANDARD_LIBRARIES = YES;
				BUNDLE_LOADER = "$(TEST_HOST)";
				CODE_SIGN_STYLE = Automatic;
				DEVELOPMENT_TEAM = 2BZJZ65HL3;
				INFOPLIST_FILE = AXSwiftKitExampleTests/Info.plist;
				IPHONEOS_DEPLOYMENT_TARGET = 14.0;
				LD_RUNPATH_SEARCH_PATHS = (
					"$(inherited)",
					"@executable_path/Frameworks",
					"@loader_path/Frameworks",
				);
				PRODUCT_BUNDLE_IDENTIFIER = com.ax.kit.AXSwiftKitExampleTests;
				PRODUCT_NAME = "$(TARGET_NAME)";
				SWIFT_VERSION = 5.0;
				TARGETED_DEVICE_FAMILY = "1,2";
				TEST_HOST = "$(BUILT_PRODUCTS_DIR)/AXSwiftKitExample.app/AXSwiftKitExample";
			};
			name = Debug;
		};
		210E93B82521881D00B0F83D /* Release */ = {
			isa = XCBuildConfiguration;
			baseConfigurationReference = 63F4153D86CF0EC6CC555C5F /* Pods-AXSwiftKitExampleTests.release.xcconfig */;
			buildSettings = {
				ALWAYS_EMBED_SWIFT_STANDARD_LIBRARIES = YES;
				BUNDLE_LOADER = "$(TEST_HOST)";
				CODE_SIGN_STYLE = Automatic;
				DEVELOPMENT_TEAM = 2BZJZ65HL3;
				INFOPLIST_FILE = AXSwiftKitExampleTests/Info.plist;
				IPHONEOS_DEPLOYMENT_TARGET = 14.0;
				LD_RUNPATH_SEARCH_PATHS = (
					"$(inherited)",
					"@executable_path/Frameworks",
					"@loader_path/Frameworks",
				);
				PRODUCT_BUNDLE_IDENTIFIER = com.ax.kit.AXSwiftKitExampleTests;
				PRODUCT_NAME = "$(TARGET_NAME)";
				SWIFT_VERSION = 5.0;
				TARGETED_DEVICE_FAMILY = "1,2";
				TEST_HOST = "$(BUILT_PRODUCTS_DIR)/AXSwiftKitExample.app/AXSwiftKitExample";
			};
			name = Release;
		};
		210E93BA2521881D00B0F83D /* Debug */ = {
			isa = XCBuildConfiguration;
			baseConfigurationReference = 051DB5BD1FB0C9E139DD1F90 /* Pods-AXSwiftKitExample-AXSwiftKitExampleUITests.debug.xcconfig */;
			buildSettings = {
				ALWAYS_EMBED_SWIFT_STANDARD_LIBRARIES = YES;
				CODE_SIGN_STYLE = Automatic;
				DEVELOPMENT_TEAM = 2BZJZ65HL3;
				INFOPLIST_FILE = AXSwiftKitExampleUITests/Info.plist;
				LD_RUNPATH_SEARCH_PATHS = (
					"$(inherited)",
					"@executable_path/Frameworks",
					"@loader_path/Frameworks",
				);
				PRODUCT_BUNDLE_IDENTIFIER = com.ax.kit.AXSwiftKitExampleUITests;
				PRODUCT_NAME = "$(TARGET_NAME)";
				SWIFT_VERSION = 5.0;
				TARGETED_DEVICE_FAMILY = "1,2";
				TEST_TARGET_NAME = AXSwiftKitExample;
			};
			name = Debug;
		};
		210E93BB2521881D00B0F83D /* Release */ = {
			isa = XCBuildConfiguration;
			baseConfigurationReference = CD1899B93D3D8A853AFBA4FE /* Pods-AXSwiftKitExample-AXSwiftKitExampleUITests.release.xcconfig */;
			buildSettings = {
				ALWAYS_EMBED_SWIFT_STANDARD_LIBRARIES = YES;
				CODE_SIGN_STYLE = Automatic;
				DEVELOPMENT_TEAM = 2BZJZ65HL3;
				INFOPLIST_FILE = AXSwiftKitExampleUITests/Info.plist;
				LD_RUNPATH_SEARCH_PATHS = (
					"$(inherited)",
					"@executable_path/Frameworks",
					"@loader_path/Frameworks",
				);
				PRODUCT_BUNDLE_IDENTIFIER = com.ax.kit.AXSwiftKitExampleUITests;
				PRODUCT_NAME = "$(TARGET_NAME)";
				SWIFT_VERSION = 5.0;
				TARGETED_DEVICE_FAMILY = "1,2";
				TEST_TARGET_NAME = AXSwiftKitExample;
			};
			name = Release;
		};
/* End XCBuildConfiguration section */

/* Begin XCConfigurationList section */
		210E93842521881A00B0F83D /* Build configuration list for PBXProject "AXSwiftKitExample" */ = {
			isa = XCConfigurationList;
			buildConfigurations = (
				210E93B12521881D00B0F83D /* Debug */,
				210E93B22521881D00B0F83D /* Release */,
			);
			defaultConfigurationIsVisible = 0;
			defaultConfigurationName = Release;
		};
		210E93B32521881D00B0F83D /* Build configuration list for PBXNativeTarget "AXSwiftKitExample" */ = {
			isa = XCConfigurationList;
			buildConfigurations = (
				210E93B42521881D00B0F83D /* Debug */,
				210E93B52521881D00B0F83D /* Release */,
			);
			defaultConfigurationIsVisible = 0;
			defaultConfigurationName = Release;
		};
		210E93B62521881D00B0F83D /* Build configuration list for PBXNativeTarget "AXSwiftKitExampleTests" */ = {
			isa = XCConfigurationList;
			buildConfigurations = (
				210E93B72521881D00B0F83D /* Debug */,
				210E93B82521881D00B0F83D /* Release */,
			);
			defaultConfigurationIsVisible = 0;
			defaultConfigurationName = Release;
		};
		210E93B92521881D00B0F83D /* Build configuration list for PBXNativeTarget "AXSwiftKitExampleUITests" */ = {
			isa = XCConfigurationList;
			buildConfigurations = (
				210E93BA2521881D00B0F83D /* Debug */,
				210E93BB2521881D00B0F83D /* Release */,
			);
			defaultConfigurationIsVisible = 0;
			defaultConfigurationName = Release;
		};
/* End XCConfigurationList section */
	};
	rootObject = 210E93812521881A00B0F83D /* Project object */;
}
